
Microsoft Visual Studio Solution File, Format Version 12.00
# Visual Studio Version 17
VisualStudioVersion = 17.13.35806.99 d17.13
MinimumVisualStudioVersion = 10.0.40219.1
Project("{FAE04EC0-301F-11D3-BF4B-00C04F79EFBC}") = "ST10382483 Jordan Reddy ICE task 2", "ST10382483 Jordan Reddy ICE task 2.csproj", "{6723F979-AA9F-4B72-9A95-C400297BC397}"
EndProject
Global
	GlobalSection(SolutionConfigurationPlatforms) = preSolution
		Debug|Any CPU = Debug|Any CPU
		Release|Any CPU = Release|Any CPU
	EndGlobalSection
	GlobalSection(ProjectConfigurationPlatforms) = postSolution
		{6723F979-AA9F-4B72-9A95-C400297BC397}.Debug|Any CPU.ActiveCfg = Debug|Any CPU
		{6723F979-AA9F-4B72-9A95-C400297BC397}.Debug|Any CPU.Build.0 = Debug|Any CPU
		{6723F979-AA9F-4B72-9A95-C400297BC397}.Release|Any CPU.ActiveCfg = Release|Any CPU
		{6723F979-AA9F-4B72-9A95-C400297BC397}.Release|Any CPU.Build.0 = Release|Any CPU
	EndGlobalSection
	GlobalSection(SolutionProperties) = preSolution
		HideSolutionNode = FALSE
	EndGlobalSection
	GlobalSection(ExtensibilityGlobals) = postSolution
		SolutionGuid = {C14F054C-82D9-4F27-9DC7-4367E3483D98}
	EndGlobalSection
EndGlobal
